
Microsoft Visual Studio Solution File, Format Version 12.00
# Visual Studio Version 17
VisualStudioVersion = 17.14.36603.0
MinimumVisualStudioVersion = 10.0.40219.1
Project("{FAE04EC0-301F-11D3-BF4B-00C04F79EFBC}") = "firmness", "firmness\firmness.csproj", "{511C04A1-1784-4537-8E9B-191F50910167}"
EndProject
Project("{FAE04EC0-301F-11D3-BF4B-00C04F79EFBC}") = "firmness.Tests", "firmness.Tests\firmness.Tests.csproj", "{1869B06E-4157-4E3E-91F1-0FDB0DF1EC79}"
EndProject
Project("{2150E333-8FDC-42A3-9474-1A3956D46DE8}") = "Elementos de la solución", "Elementos de la solución", "{D107F4C8-89CC-BEA8-D3D7-CA6B7733353D}"
	ProjectSection(SolutionItems) = preProject
		docker-compose.yml = docker-compose.yml
		Dockerfile = Dockerfile
	EndProjectSection
EndProject
Global
	GlobalSection(SolutionConfigurationPlatforms) = preSolution
		Debug|Any CPU = Debug|Any CPU
		Release|Any CPU = Release|Any CPU
	EndGlobalSection
	GlobalSection(ProjectConfigurationPlatforms) = postSolution
		{511C04A1-1784-4537-8E9B-191F50910167}.Debug|Any CPU.ActiveCfg = Debug|Any CPU
		{511C04A1-1784-4537-8E9B-191F50910167}.Debug|Any CPU.Build.0 = Debug|Any CPU
		{511C04A1-1784-4537-8E9B-191F50910167}.Release|Any CPU.ActiveCfg = Release|Any CPU
		{511C04A1-1784-4537-8E9B-191F50910167}.Release|Any CPU.Build.0 = Release|Any CPU
		{1869B06E-4157-4E3E-91F1-0FDB0DF1EC79}.Debug|Any CPU.ActiveCfg = Debug|Any CPU
		{1869B06E-4157-4E3E-91F1-0FDB0DF1EC79}.Debug|Any CPU.Build.0 = Debug|Any CPU
		{1869B06E-4157-4E3E-91F1-0FDB0DF1EC79}.Release|Any CPU.ActiveCfg = Release|Any CPU
		{1869B06E-4157-4E3E-91F1-0FDB0DF1EC79}.Release|Any CPU.Build.0 = Release|Any CPU
	EndGlobalSection
	GlobalSection(SolutionProperties) = preSolution
		HideSolutionNode = FALSE
	EndGlobalSection
	GlobalSection(ExtensibilityGlobals) = postSolution
		SolutionGuid = {D8828E43-06A4-482B-A0D1-B66BC44B2C92}
	EndGlobalSection
EndGlobal
